
Microsoft Visual Studio Solution File, Format Version 12.00
# Visual Studio Version 16
VisualStudioVersion = 16.0.31019.35
MinimumVisualStudioVersion = 10.0.40219.1
Project("{FAE04EC0-301F-11D3-BF4B-00C04F79EFBC}") = "QZ2", "QZ2\QZ2.csproj", "{4EA8A6F0-175F-4665-96B3-029557B1154A}"
EndProject
Global
	GlobalSection(SolutionConfigurationPlatforms) = preSolution
		Debug|Any CPU = Debug|Any CPU
		Release|Any CPU = Release|Any CPU
	EndGlobalSection
	GlobalSection(ProjectConfigurationPlatforms) = postSolution
		{4EA8A6F0-175F-4665-96B3-029557B1154A}.Debug|Any CPU.ActiveCfg = Debug|Any CPU
		{4EA8A6F0-175F-4665-96B3-029557B1154A}.Debug|Any CPU.Build.0 = Debug|Any CPU
		{4EA8A6F0-175F-4665-96B3-029557B1154A}.Release|Any CPU.ActiveCfg = Release|Any CPU
		{4EA8A6F0-175F-4665-96B3-029557B1154A}.Release|Any CPU.Build.0 = Release|Any CPU
	EndGlobalSection
	GlobalSection(SolutionProperties) = preSolution
		HideSolutionNode = FALSE
	EndGlobalSection
	GlobalSection(ExtensibilityGlobals) = postSolution
		SolutionGuid = {1E4326B9-0943-4CB6-BE46-D61689175D25}
	EndGlobalSection
EndGlobal
