
Microsoft Visual Studio Solution File, Format Version 12.00
# Visual Studio Version 16
VisualStudioVersion = 16.0.31019.35
MinimumVisualStudioVersion = 10.0.40219.1
Project("{FAE04EC0-301F-11D3-BF4B-00C04F79EFBC}") = "QZ1", "QZ1\QZ1.csproj", "{DF52CC04-2418-4FE5-95B9-04D8A6E972B4}"
EndProject
Global
	GlobalSection(SolutionConfigurationPlatforms) = preSolution
		Debug|Any CPU = Debug|Any CPU
		Release|Any CPU = Release|Any CPU
	EndGlobalSection
	GlobalSection(ProjectConfigurationPlatforms) = postSolution
		{DF52CC04-2418-4FE5-95B9-04D8A6E972B4}.Debug|Any CPU.ActiveCfg = Debug|Any CPU
		{DF52CC04-2418-4FE5-95B9-04D8A6E972B4}.Debug|Any CPU.Build.0 = Debug|Any CPU
		{DF52CC04-2418-4FE5-95B9-04D8A6E972B4}.Release|Any CPU.ActiveCfg = Release|Any CPU
		{DF52CC04-2418-4FE5-95B9-04D8A6E972B4}.Release|Any CPU.Build.0 = Release|Any CPU
	EndGlobalSection
	GlobalSection(SolutionProperties) = preSolution
		HideSolutionNode = FALSE
	EndGlobalSection
	GlobalSection(ExtensibilityGlobals) = postSolution
		SolutionGuid = {270EEF03-7134-4D94-8DEB-BD5B61B7A145}
	EndGlobalSection
EndGlobal
